
Microsoft Visual Studio Solution File, Format Version 12.00
# Visual Studio 15
VisualStudioVersion = 15.0.28307.2092
MinimumVisualStudioVersion = 10.0.40219.1
Project("{8BC9CEB8-8B4A-11D0-8D11-00A0C91BC942}") = "CG", "CG\CG.vcxproj", "{730E0A97-E5ED-4BCF-B2F6-09F3E9D33762}"
EndProject
Global
	GlobalSection(SolutionConfigurationPlatforms) = preSolution
		Debug|x64 = Debug|x64
		Debug|x86 = Debug|x86
		Release|x64 = Release|x64
		Release|x86 = Release|x86
	EndGlobalSection
	GlobalSection(ProjectConfigurationPlatforms) = postSolution
		{730E0A97-E5ED-4BCF-B2F6-09F3E9D33762}.Debug|x64.ActiveCfg = Debug|x64
		{730E0A97-E5ED-4BCF-B2F6-09F3E9D33762}.Debug|x64.Build.0 = Debug|x64
		{730E0A97-E5ED-4BCF-B2F6-09F3E9D33762}.Debug|x86.ActiveCfg = Debug|Win32
		{730E0A97-E5ED-4BCF-B2F6-09F3E9D33762}.Debug|x86.Build.0 = Debug|Win32
		{730E0A97-E5ED-4BCF-B2F6-09F3E9D33762}.Release|x64.ActiveCfg = Release|x64
		{730E0A97-E5ED-4BCF-B2F6-09F3E9D33762}.Release|x64.Build.0 = Release|x64
		{730E0A97-E5ED-4BCF-B2F6-09F3E9D33762}.Release|x86.ActiveCfg = Release|Win32
		{730E0A97-E5ED-4BCF-B2F6-09F3E9D33762}.Release|x86.Build.0 = Release|Win32
	EndGlobalSection
	GlobalSection(SolutionProperties) = preSolution
		HideSolutionNode = FALSE
	EndGlobalSection
	GlobalSection(ExtensibilityGlobals) = postSolution
		SolutionGuid = {9CC0D90F-B941-4DA5-9452-5E0DB07E8277}
	EndGlobalSection
EndGlobal
